
Microsoft Visual Studio Solution File, Format Version 12.00
# Visual Studio Version 17
VisualStudioVersion = 17.9.34622.214
MinimumVisualStudioVersion = 10.0.40219.1
Project("{9A19103F-16F7-4668-BE54-9A1E7A4F7556}") = "BlackPinkTheme", "BlackPinkTheme/BlackPinkTheme.csproj", "{A891EDBE-7FD0-49A3-B1B0-BBA447C29FE1}"
EndProject
Project("{9A19103F-16F7-4668-BE54-9A1E7A4F7556}") = "BlackPinkTheme.Resources", "BlackPinkTheme.Resources\BlackPinkTheme.Resources.csproj", "{06C78A9E-DB31-4B21-BBB6-F18B357989B3}"
EndProject
Project("{9A19103F-16F7-4668-BE54-9A1E7A4F7556}") = "BlackPinkTheme.Core", "BlackPinkTheme.Core\BlackPinkTheme.Core.csproj", "{47A72445-B0C2-495D-BB1C-7F91D6FB0CA7}"
EndProject
Global
	GlobalSection(SolutionConfigurationPlatforms) = preSolution
		Debug|Any CPU = Debug|Any CPU
		Release|Any CPU = Release|Any CPU
	EndGlobalSection
	GlobalSection(ProjectConfigurationPlatforms) = postSolution
		{A891EDBE-7FD0-49A3-B1B0-BBA447C29FE1}.Debug|Any CPU.ActiveCfg = Debug|Any CPU
		{A891EDBE-7FD0-49A3-B1B0-BBA447C29FE1}.Debug|Any CPU.Build.0 = Debug|Any CPU
		{A891EDBE-7FD0-49A3-B1B0-BBA447C29FE1}.Release|Any CPU.ActiveCfg = Release|Any CPU
		{A891EDBE-7FD0-49A3-B1B0-BBA447C29FE1}.Release|Any CPU.Build.0 = Release|Any CPU
		{06C78A9E-DB31-4B21-BBB6-F18B357989B3}.Debug|Any CPU.ActiveCfg = Debug|Any CPU
		{06C78A9E-DB31-4B21-BBB6-F18B357989B3}.Debug|Any CPU.Build.0 = Debug|Any CPU
		{06C78A9E-DB31-4B21-BBB6-F18B357989B3}.Release|Any CPU.ActiveCfg = Release|Any CPU
		{06C78A9E-DB31-4B21-BBB6-F18B357989B3}.Release|Any CPU.Build.0 = Release|Any CPU
		{47A72445-B0C2-495D-BB1C-7F91D6FB0CA7}.Debug|Any CPU.ActiveCfg = Debug|Any CPU
		{47A72445-B0C2-495D-BB1C-7F91D6FB0CA7}.Debug|Any CPU.Build.0 = Debug|Any CPU
		{47A72445-B0C2-495D-BB1C-7F91D6FB0CA7}.Release|Any CPU.ActiveCfg = Release|Any CPU
		{47A72445-B0C2-495D-BB1C-7F91D6FB0CA7}.Release|Any CPU.Build.0 = Release|Any CPU
	EndGlobalSection
	GlobalSection(SolutionProperties) = preSolution
		HideSolutionNode = FALSE
	EndGlobalSection
	GlobalSection(ExtensibilityGlobals) = postSolution
		SolutionGuid = {8628CF07-89C8-4754-B727-73E836F68BB1}
	EndGlobalSection
EndGlobal
